// !$*UTF8*$!
{
	archiveVersion = 1;
	classes = {
	};
	objectVersion = 46;
	objects = {

/* Begin PBXBuildFile section */
		9FEDC7531C328F40003ABB9C /* Attribute.cpp in Sources */ = {isa = PBXBuildFile; fileRef = 9FEDC7511C328F40003ABB9C /* Attribute.cpp */; };
		9FEDC7561C32C550003ABB9C /* Data.cpp in Sources */ = {isa = PBXBuildFile; fileRef = 9FEDC7551C32C550003ABB9C /* Data.cpp */; };
		9FEDC75B1C32CB14003ABB9C /* Function.cpp in Sources */ = {isa = PBXBuildFile; fileRef = 9FEDC75A1C32CB14003ABB9C /* Function.cpp */; };
		9FFD40B11C3275FE00A529F7 /* main.cpp in Sources */ = {isa = PBXBuildFile; fileRef = 9FFD40B01C3275FE00A529F7 /* main.cpp */; };
/* End PBXBuildFile section */

/* Begin PBXCopyFilesBuildPhase section */
		9FFD40AB1C3275FE00A529F7 /* CopyFiles */ = {
			isa = PBXCopyFilesBuildPhase;
			buildActionMask = 2147483647;
			dstPath = /usr/share/man/man1/;
			dstSubfolderSpec = 0;
			files = (
			);
			runOnlyForDeploymentPostprocessing = 1;
		};
/* End PBXCopyFilesBuildPhase section */

/* Begin PBXFileReference section */
		9FEDC7511C328F40003ABB9C /* Attribute.cpp */ = {isa = PBXFileReference; fileEncoding = 4; lastKnownFileType = sourcecode.cpp.cpp; path = Attribute.cpp; sourceTree = "<group>"; };
		9FEDC7541C328F6E003ABB9C /* Attribute.h */ = {isa = PBXFileReference; fileEncoding = 4; lastKnownFileType = sourcecode.c.h; path = Attribute.h; sourceTree = "<group>"; };
		9FEDC7551C32C550003ABB9C /* Data.cpp */ = {isa = PBXFileReference; fileEncoding = 4; lastKnownFileType = sourcecode.cpp.cpp; path = Data.cpp; sourceTree = "<group>"; };
		9FEDC7581C32C58C003ABB9C /* Data.h */ = {isa = PBXFileReference; fileEncoding = 4; lastKnownFileType = sourcecode.c.h; path = Data.h; sourceTree = "<group>"; };
		9FEDC7591C32CB00003ABB9C /* Function.h */ = {isa = PBXFileReference; fileEncoding = 4; lastKnownFileType = sourcecode.c.h; path = Function.h; sourceTree = "<group>"; };
		9FEDC75A1C32CB14003ABB9C /* Function.cpp */ = {isa = PBXFileReference; fileEncoding = 4; lastKnownFileType = sourcecode.cpp.cpp; path = Function.cpp; sourceTree = "<group>"; };
		9FEDC75C1C32E563003ABB9C /* Node.h */ = {isa = PBXFileReference; fileEncoding = 4; lastKnownFileType = sourcecode.c.h; path = Node.h; sourceTree = "<group>"; };
		9FFD40AD1C3275FE00A529F7 /* DataMining */ = {isa = PBXFileReference; explicitFileType = "compiled.mach-o.executable"; includeInIndex = 0; path = DataMining; sourceTree = BUILT_PRODUCTS_DIR; };
		9FFD40B01C3275FE00A529F7 /* main.cpp */ = {isa = PBXFileReference; lastKnownFileType = sourcecode.cpp.cpp; path = main.cpp; sourceTree = "<group>"; };
/* End PBXFileReference section */

/* Begin PBXFrameworksBuildPhase section */
		9FFD40AA1C3275FE00A529F7 /* Frameworks */ = {
			isa = PBXFrameworksBuildPhase;
			buildActionMask = 2147483647;
			files = (
			);
			runOnlyForDeploymentPostprocessing = 0;
		};
/* End PBXFrameworksBuildPhase section */

/* Begin PBXGroup section */
		9FFD40A41C3275FE00A529F7 = {
			isa = PBXGroup;
			children = (
				9FFD40AF1C3275FE00A529F7 /* DataMining */,
				9FFD40AE1C3275FE00A529F7 /* Products */,
			);
			sourceTree = "<group>";
		};
		9FFD40AE1C3275FE00A529F7 /* Products */ = {
			isa = PBXGroup;
			children = (
				9FFD40AD1C3275FE00A529F7 /* DataMining */,
			);
			name = Products;
			sourceTree = "<group>";
		};
		9FFD40AF1C3275FE00A529F7 /* DataMining */ = {
			isa = PBXGroup;
			children = (
				9FFD40B01C3275FE00A529F7 /* main.cpp */,
				9FEDC7541C328F6E003ABB9C /* Attribute.h */,
				9FEDC7511C328F40003ABB9C /* Attribute.cpp */,
				9FEDC7581C32C58C003ABB9C /* Data.h */,
				9FEDC7551C32C550003ABB9C /* Data.cpp */,
				9FEDC7591C32CB00003ABB9C /* Function.h */,
				9FEDC75A1C32CB14003ABB9C /* Function.cpp */,
				9FEDC75C1C32E563003ABB9C /* Node.h */,
			);
			path = DataMining;
			sourceTree = "<group>";
		};
/* End PBXGroup section */

/* Begin PBXNativeTarget section */
		9FFD40AC1C3275FE00A529F7 /* DataMining */ = {
			isa = PBXNativeTarget;
			buildConfigurationList = 9FFD40B41C3275FE00A529F7 /* Build configuration list for PBXNativeTarget "DataMining" */;
			buildPhases = (
				9FFD40A91C3275FE00A529F7 /* Sources */,
				9FFD40AA1C3275FE00A529F7 /* Frameworks */,
				9FFD40AB1C3275FE00A529F7 /* CopyFiles */,
			);
			buildRules = (
			);
			dependencies = (
			);
			name = DataMining;
			productName = DataMining;
			productReference = 9FFD40AD1C3275FE00A529F7 /* DataMining */;
			productType = "com.apple.product-type.tool";
		};
/* End PBXNativeTarget section */

/* Begin PBXProject section */
		9FFD40A51C3275FE00A529F7 /* Project object */ = {
			isa = PBXProject;
			attributes = {
				LastUpgradeCheck = 0720;
				ORGANIZATIONNAME = "楊智偉";
				TargetAttributes = {
					9FFD40AC1C3275FE00A529F7 = {
						CreatedOnToolsVersion = 7.2;
					};
				};
			};
			buildConfigurationList = 9FFD40A81C3275FE00A529F7 /* Build configuration list for PBXProject "DataMining" */;
			compatibilityVersion = "Xcode 3.2";
			developmentRegion = English;
			hasScannedForEncodings = 0;
			knownRegions = (
				en,
			);
			mainGroup = 9FFD40A41C3275FE00A529F7;
			productRefGroup = 9FFD40AE1C3275FE00A529F7 /* Products */;
			projectDirPath = "";
			projectRoot = "";
			targets = (
				9FFD40AC1C3275FE00A529F7 /* DataMining */,
			);
		};
/* End PBXProject section */

/* Begin PBXSourcesBuildPhase section */
		9FFD40A91C3275FE00A529F7 /* Sources */ = {
			isa = PBXSourcesBuildPhase;
			buildActionMask = 2147483647;
			files = (
				9FEDC7561C32C550003ABB9C /* Data.cpp in Sources */,
				9FEDC7531C328F40003ABB9C /* Attribute.cpp in Sources */,
				9FFD40B11C3275FE00A529F7 /* main.cpp in Sources */,
				9FEDC75B1C32CB14003ABB9C /* Function.cpp in Sources */,
			);
			runOnlyForDeploymentPostprocessing = 0;
		};
/* End PBXSourcesBuildPhase section */

/* Begin XCBuildConfiguration section */
		9FFD40B21C3275FE00A529F7 /* Debug */ = {
			isa = XCBuildConfiguration;
			buildSettings = {
				ALWAYS_SEARCH_USER_PATHS = NO;
				CLANG_CXX_LANGUAGE_STANDARD = "gnu++0x";
				CLANG_CXX_LIBRARY = "libc++";
				CLANG_ENABLE_MODULES = YES;
				CLANG_ENABLE_OBJC_ARC = YES;
				CLANG_WARN_BOOL_CONVERSION = YES;
				CLANG_WARN_CONSTANT_CONVERSION = YES;
				CLANG_WARN_DIRECT_OBJC_ISA_USAGE = YES_ERROR;
				CLANG_WARN_EMPTY_BODY = YES;
				CLANG_WARN_ENUM_CONVERSION = YES;
				CLANG_WARN_INT_CONVERSION = YES;
				CLANG_WARN_OBJC_ROOT_CLASS = YES_ERROR;
				CLANG_WARN_UNREACHABLE_CODE = YES;
				CLANG_WARN__DUPLICATE_METHOD_MATCH = YES;
				CODE_SIGN_IDENTITY = "-";
				COPY_PHASE_STRIP = NO;
				DEBUG_INFORMATION_FORMAT = dwarf;
				ENABLE_STRICT_OBJC_MSGSEND = YES;
				ENABLE_TESTABILITY = YES;
				GCC_C_LANGUAGE_STANDARD = gnu99;
				GCC_DYNAMIC_NO_PIC = NO;
				GCC_NO_COMMON_BLOCKS = YES;
				GCC_OPTIMIZATION_LEVEL = 0;
				GCC_PREPROCESSOR_DEFINITIONS = (
					"DEBUG=1",
					"$(inherited)",
				);
				GCC_WARN_64_TO_32_BIT_CONVERSION = YES;
				GCC_WARN_ABOUT_RETURN_TYPE = YES_ERROR;
				GCC_WARN_UNDECLARED_SELECTOR = YES;
				GCC_WARN_UNINITIALIZED_AUTOS = YES_AGGRESSIVE;
				GCC_WARN_UNUSED_FUNCTION = YES;
				GCC_WARN_UNUSED_VARIABLE = YES;
				MACOSX_DEPLOYMENT_TARGET = 10.11;
				MTL_ENABLE_DEBUG_INFO = YES;
				ONLY_ACTIVE_ARCH = YES;
				SDKROOT = macosx;
			};
			name = Debug;
		};
		9FFD40B31C3275FE00A529F7 /* Release */ = {
			isa = XCBuildConfiguration;
			buildSettings = {
				ALWAYS_SEARCH_USER_PATHS = NO;
				CLANG_CXX_LANGUAGE_STANDARD = "gnu++0x";
				CLANG_CXX_LIBRARY = "libc++";
				CLANG_ENABLE_MODULES = YES;
				CLANG_ENABLE_OBJC_ARC = YES;
				CLANG_WARN_BOOL_CONVERSION = YES;
				CLANG_WARN_CONSTANT_CONVERSION = YES;
				CLANG_WARN_DIRECT_OBJC_ISA_USAGE = YES_ERROR;
				CLANG_WARN_EMPTY_BODY = YES;
				CLANG_WARN_ENUM_CONVERSION = YES;
				CLANG_WARN_INT_CONVERSION = YES;
				CLANG_WARN_OBJC_ROOT_CLASS = YES_ERROR;
				CLANG_WARN_UNREACHABLE_CODE = YES;
				CLANG_WARN__DUPLICATE_METHOD_MATCH = YES;
				CODE_SIGN_IDENTITY = "-";
				COPY_PHASE_STRIP = NO;
				DEBUG_INFORMATION_FORMAT = "dwarf-with-dsym";
				ENABLE_NS_ASSERTIONS = NO;
				ENABLE_STRICT_OBJC_MSGSEND = YES;
				GCC_C_LANGUAGE_STANDARD = gnu99;
				GCC_NO_COMMON_BLOCKS = YES;
				GCC_WARN_64_TO_32_BIT_CONVERSION = YES;
				GCC_WARN_ABOUT_RETURN_TYPE = YES_ERROR;
				GCC_WARN_UNDECLARED_SELECTOR = YES;
				GCC_WARN_UNINITIALIZED_AUTOS = YES_AGGRESSIVE;
				GCC_WARN_UNUSED_FUNCTION = YES;
				GCC_WARN_UNUSED_VARIABLE = YES;
				MACOSX_DEPLOYMENT_TARGET = 10.11;
				MTL_ENABLE_DEBUG_INFO = NO;
				SDKROOT = macosx;
			};
			name = Release;
		};
		9FFD40B51C3275FE00A529F7 /* Debug */ = {
			isa = XCBuildConfiguration;
			buildSettings = {
				PRODUCT_NAME = "$(TARGET_NAME)";
			};
			name = Debug;
		};
		9FFD40B61C3275FE00A529F7 /* Release */ = {
			isa = XCBuildConfiguration;
			buildSettings = {
				PRODUCT_NAME = "$(TARGET_NAME)";
			};
			name = Release;
		};
/* End XCBuildConfiguration section */

/* Begin XCConfigurationList section */
		9FFD40A81C3275FE00A529F7 /* Build configuration list for PBXProject "DataMining" */ = {
			isa = XCConfigurationList;
			buildConfigurations = (
				9FFD40B21C3275FE00A529F7 /* Debug */,
				9FFD40B31C3275FE00A529F7 /* Release */,
			);
			defaultConfigurationIsVisible = 0;
			defaultConfigurationName = Release;
		};
		9FFD40B41C3275FE00A529F7 /* Build configuration list for PBXNativeTarget "DataMining" */ = {
			isa = XCConfigurationList;
			buildConfigurations = (
				9FFD40B51C3275FE00A529F7 /* Debug */,
				9FFD40B61C3275FE00A529F7 /* Release */,
			);
			defaultConfigurationIsVisible = 0;
			defaultConfigurationName = Release;
		};
/* End XCConfigurationList section */
	};
	rootObject = 9FFD40A51C3275FE00A529F7 /* Project object */;
}
